
Microsoft Visual Studio Solution File, Format Version 12.00
# Visual Studio Version 16
VisualStudioVersion = 16.0.32106.194
MinimumVisualStudioVersion = 10.0.40219.1
Project("{FAE04EC0-301F-11D3-BF4B-00C04F79EFBC}") = "WebApplication5", "WebApplication5\WebApplication5.csproj", "{A37CCC95-494A-4CD0-983B-3BD049CB0348}"
EndProject
Global
	GlobalSection(SolutionConfigurationPlatforms) = preSolution
		Debug|Any CPU = Debug|Any CPU
		Release|Any CPU = Release|Any CPU
	EndGlobalSection
	GlobalSection(ProjectConfigurationPlatforms) = postSolution
		{A37CCC95-494A-4CD0-983B-3BD049CB0348}.Debug|Any CPU.ActiveCfg = Debug|Any CPU
		{A37CCC95-494A-4CD0-983B-3BD049CB0348}.Debug|Any CPU.Build.0 = Debug|Any CPU
		{A37CCC95-494A-4CD0-983B-3BD049CB0348}.Release|Any CPU.ActiveCfg = Release|Any CPU
		{A37CCC95-494A-4CD0-983B-3BD049CB0348}.Release|Any CPU.Build.0 = Release|Any CPU
	EndGlobalSection
	GlobalSection(SolutionProperties) = preSolution
		HideSolutionNode = FALSE
	EndGlobalSection
	GlobalSection(ExtensibilityGlobals) = postSolution
		SolutionGuid = {8E107EA5-8703-4084-B399-9FDF8D428704}
	EndGlobalSection
EndGlobal
